{
  "name": "chat-app",
  "lockfileVersion": 3,
  "requires": true,
  "packages": {
    "": {
      "dependencies": {
        "rsocket-adapter-rxjs": "^1.0.0-alpha.4"
      }
    },
    "node_modules/rsocket-adapter-rxjs": {
      "version": "1.0.0-alpha.4",
      "resolved": "https://registry.npmjs.org/rsocket-adapter-rxjs/-/rsocket-adapter-rxjs-1.0.0-alpha.4.tgz",
      "integrity": "sha512-rfrsui1/M1pBG8A47wsgpBwHU8xdy/xgdGFIC3ICQuBLBhJeENDt+dcZXu8/MaEyWQH3GXvIGBeargd0FZTF8A==",
      "dependencies": {
        "rsocket-core": "^1.0.0-alpha.3",
        "rsocket-messaging": "^1.0.0-alpha.3",
        "rxjs": "^7.4.0"
      }
    },
    "node_modules/rsocket-composite-metadata": {
      "version": "1.0.0-alpha.3",
      "resolved": "https://registry.npmjs.org/rsocket-composite-metadata/-/rsocket-composite-metadata-1.0.0-alpha.3.tgz",
      "integrity": "sha512-o+msmc1pXnejLw4TDgMllynS9/L3TGJM25kqedTxqU6wVF9jnTA95w7T4scGwwX6qiAryT90HQGUaT+An44X3w==",
      "dependencies": {
        "rsocket-core": "^1.0.0-alpha.3"
      }
    },
    "node_modules/rsocket-core": {
      "version": "1.0.0-alpha-rxjs-adapter-optional-metadata.0",
      "resolved": "https://registry.npmjs.org/rsocket-core/-/rsocket-core-1.0.0-alpha-rxjs-adapter-optional-metadata.0.tgz",
      "integrity": "sha512-FXieO2E8d4UC7mW7K01IRMtgwZ1BZk7l4ZEvgnD8xEKdt//9ks5IfiDZPvi1w9P4YFp/IrI7lL3dqhkOF0Ez/g=="
    },
    "node_modules/rsocket-messaging": {
      "version": "1.0.0-alpha.3",
      "resolved": "https://registry.npmjs.org/rsocket-messaging/-/rsocket-messaging-1.0.0-alpha.3.tgz",
      "integrity": "sha512-fr/BDCLI4DMyzVI5hHsABVpKlKxGX8rbfdgcXgY6VKuBlDIX0oqGApqLdSq0YfvNpgjlpuOXYj4vlhLku959Yw==",
      "dependencies": {
        "rsocket-composite-metadata": "^1.0.0-alpha.3",
        "rsocket-core": "^1.0.0-alpha.3"
      }
    },
    "node_modules/rxjs": {
      "version": "7.8.1",
      "resolved": "https://registry.npmjs.org/rxjs/-/rxjs-7.8.1.tgz",
      "integrity": "sha512-AA3TVj+0A2iuIoQkWEK/tqFjBq2j+6PO6Y0zJcvzLAFhEFIO3HL0vls9hWLncZbAAbK0mar7oZ4V079I/qPMxg==",
      "dependencies": {
        "tslib": "^2.1.0"
      }
    },
    "node_modules/tslib": {
      "version": "2.7.0",
      "resolved": "https://registry.npmjs.org/tslib/-/tslib-2.7.0.tgz",
      "integrity": "sha512-gLXCKdN1/j47AiHiOkJN69hJmcbGTHI0ImLmbYLHykhgeN0jVGola9yVjFgzCUklsZQMW55o+dW7IXv3RCXDzA=="
    }
  }
}
